{
  "name": "instantdb-flutter-example-scripts",
  "version": "1.0.0",
  "lockfileVersion": 3,
  "requires": true,
  "packages": {
    "": {
      "name": "instantdb-flutter-example-scripts",
      "version": "1.0.0",
      "dependencies": {
        "@instantdb/react": "^0.21.9"
      }
    },
    "node_modules/@instantdb/core": {
      "version": "0.21.9",
      "resolved": "https://registry.npmjs.org/@instantdb/core/-/core-0.21.9.tgz",
      "integrity": "sha512-bI7ZM7cmM29IsInFvMLuHyE5FMaGnSOU2sKnnEE2QCVsGmd8AGhrct6lyNVK7F42TXObGuG7B3Ii05fDKSB4ew==",
      "dependencies": {
        "@instantdb/version": "v0.21.9",
        "mutative": "^1.0.10",
        "uuid": "^11.1.0"
      }
    },
    "node_modules/@instantdb/react": {
      "version": "0.21.9",
      "resolved": "https://registry.npmjs.org/@instantdb/react/-/react-0.21.9.tgz",
      "integrity": "sha512-ew/kcuP+QspWDA578x+pnWDYvhGrL6KflttRnwNUAmRwsK64vN1WIBXnzs4CZ2GLwBf2X8N4Ad+aiermFxh0Jg==",
      "dependencies": {
        "@instantdb/core": "v0.21.9",
        "@instantdb/version": "v0.21.9"
      },
      "peerDependencies": {
        "react": ">=16"
      }
    },
    "node_modules/@instantdb/version": {
      "version": "0.21.9",
      "resolved": "https://registry.npmjs.org/@instantdb/version/-/version-0.21.9.tgz",
      "integrity": "sha512-zV54mAwoXjMajZtJosZqjXPuQ9/UMR2CJL9FCZpN63h1gVk1V8wlcCsx93YiZshmejqAP3Agj8xxeugV/sLLJw=="
    },
    "node_modules/mutative": {
      "version": "1.2.0",
      "resolved": "https://registry.npmjs.org/mutative/-/mutative-1.2.0.tgz",
      "integrity": "sha512-1muFw45Lwjso6TSBGiXfbjKS01fVSD/qaqBfTo/gXgp79e8KM4Sa1XP/S4iN2/DvSdIZgjFJI+JIhC7eKf3GTg==",
      "license": "MIT",
      "engines": {
        "node": ">=14.0"
      }
    },
    "node_modules/react": {
      "version": "19.1.1",
      "resolved": "https://registry.npmjs.org/react/-/react-19.1.1.tgz",
      "integrity": "sha512-w8nqGImo45dmMIfljjMwOGtbmC/mk4CMYhWIicdSflH91J9TyCyczcPFXJzrZ/ZXcgGRFeP6BU0BEJTw6tZdfQ==",
      "license": "MIT",
      "peer": true,
      "engines": {
        "node": ">=0.10.0"
      }
    },
    "node_modules/uuid": {
      "version": "11.1.0",
      "resolved": "https://registry.npmjs.org/uuid/-/uuid-11.1.0.tgz",
      "integrity": "sha512-0/A9rDy9P7cJ+8w1c9WD9V//9Wj15Ce2MPz8Ri6032usz+NfePxx5AcN3bN+r6ZL6jEo066/yNYB3tn4pQEx+A==",
      "funding": [
        "https://github.com/sponsors/broofa",
        "https://github.com/sponsors/ctavan"
      ],
      "license": "MIT",
      "bin": {
        "uuid": "dist/esm/bin/uuid"
      }
    }
  }
}
